// !$*UTF8*$!
{
	archiveVersion = 1;
	classes = {
	};
	objectVersion = 50;
	objects = {

/* Begin PBXBuildFile section */
		2347CDA7229F36590097F51F /* AppDelegate.swift in Sources */ = {isa = PBXBuildFile; fileRef = 2347CDA6229F36590097F51F /* AppDelegate.swift */; };
		2347CDA9229F36590097F51F /* ViewController.swift in Sources */ = {isa = PBXBuildFile; fileRef = 2347CDA8229F36590097F51F /* ViewController.swift */; };
		2347CDAC229F36590097F51F /* Main.storyboard in Resources */ = {isa = PBXBuildFile; fileRef = 2347CDAA229F36590097F51F /* Main.storyboard */; };
		2347CDAE229F365A0097F51F /* Assets.xcassets in Resources */ = {isa = PBXBuildFile; fileRef = 2347CDAD229F365A0097F51F /* Assets.xcassets */; };
		2347CDB1229F365A0097F51F /* LaunchScreen.storyboard in Resources */ = {isa = PBXBuildFile; fileRef = 2347CDAF229F365A0097F51F /* LaunchScreen.storyboard */; };
		2347CDBC229F365A0097F51F /* SixtCarFinderTestTests.swift in Sources */ = {isa = PBXBuildFile; fileRef = 2347CDBB229F365A0097F51F /* SixtCarFinderTestTests.swift */; };
		2347CDC7229F365A0097F51F /* SixtCarFinderTestUITests.swift in Sources */ = {isa = PBXBuildFile; fileRef = 2347CDC6229F365A0097F51F /* SixtCarFinderTestUITests.swift */; };
/* End PBXBuildFile section */

/* Begin PBXContainerItemProxy section */
		2347CDB8229F365A0097F51F /* PBXContainerItemProxy */ = {
			isa = PBXContainerItemProxy;
			containerPortal = 2347CD9B229F36590097F51F /* Project object */;
			proxyType = 1;
			remoteGlobalIDString = 2347CDA2229F36590097F51F;
			remoteInfo = SixtCarFinderTest;
		};
		2347CDC3229F365A0097F51F /* PBXContainerItemProxy */ = {
			isa = PBXContainerItemProxy;
			containerPortal = 2347CD9B229F36590097F51F /* Project object */;
			proxyType = 1;
			remoteGlobalIDString = 2347CDA2229F36590097F51F;
			remoteInfo = SixtCarFinderTest;
		};
/* End PBXContainerItemProxy section */

/* Begin PBXFileReference section */
		2347CDA3229F36590097F51F /* SixtCarFinderTest.app */ = {isa = PBXFileReference; explicitFileType = wrapper.application; includeInIndex = 0; path = SixtCarFinderTest.app; sourceTree = BUILT_PRODUCTS_DIR; };
		2347CDA6229F36590097F51F /* AppDelegate.swift */ = {isa = PBXFileReference; lastKnownFileType = sourcecode.swift; path = AppDelegate.swift; sourceTree = "<group>"; };
		2347CDA8229F36590097F51F /* ViewController.swift */ = {isa = PBXFileReference; lastKnownFileType = sourcecode.swift; path = ViewController.swift; sourceTree = "<group>"; };
		2347CDAB229F36590097F51F /* Base */ = {isa = PBXFileReference; lastKnownFileType = file.storyboard; name = Base; path = Base.lproj/Main.storyboard; sourceTree = "<group>"; };
		2347CDAD229F365A0097F51F /* Assets.xcassets */ = {isa = PBXFileReference; lastKnownFileType = folder.assetcatalog; path = Assets.xcassets; sourceTree = "<group>"; };
		2347CDB0229F365A0097F51F /* Base */ = {isa = PBXFileReference; lastKnownFileType = file.storyboard; name = Base; path = Base.lproj/LaunchScreen.storyboard; sourceTree = "<group>"; };
		2347CDB2229F365A0097F51F /* Info.plist */ = {isa = PBXFileReference; lastKnownFileType = text.plist.xml; path = Info.plist; sourceTree = "<group>"; };
		2347CDB7229F365A0097F51F /* SixtCarFinderTestTests.xctest */ = {isa = PBXFileReference; explicitFileType = wrapper.cfbundle; includeInIndex = 0; path = SixtCarFinderTestTests.xctest; sourceTree = BUILT_PRODUCTS_DIR; };
		2347CDBB229F365A0097F51F /* SixtCarFinderTestTests.swift */ = {isa = PBXFileReference; lastKnownFileType = sourcecode.swift; path = SixtCarFinderTestTests.swift; sourceTree = "<group>"; };
		2347CDBD229F365A0097F51F /* Info.plist */ = {isa = PBXFileReference; lastKnownFileType = text.plist.xml; path = Info.plist; sourceTree = "<group>"; };
		2347CDC2229F365A0097F51F /* SixtCarFinderTestUITests.xctest */ = {isa = PBXFileReference; explicitFileType = wrapper.cfbundle; includeInIndex = 0; path = SixtCarFinderTestUITests.xctest; sourceTree = BUILT_PRODUCTS_DIR; };
		2347CDC6229F365A0097F51F /* SixtCarFinderTestUITests.swift */ = {isa = PBXFileReference; lastKnownFileType = sourcecode.swift; path = SixtCarFinderTestUITests.swift; sourceTree = "<group>"; };
		2347CDC8229F365A0097F51F /* Info.plist */ = {isa = PBXFileReference; lastKnownFileType = text.plist.xml; path = Info.plist; sourceTree = "<group>"; };
/* End PBXFileReference section */

/* Begin PBXFrameworksBuildPhase section */
		2347CDA0229F36590097F51F /* Frameworks */ = {
			isa = PBXFrameworksBuildPhase;
			buildActionMask = 2147483647;
			files = (
			);
			runOnlyForDeploymentPostprocessing = 0;
		};
		2347CDB4229F365A0097F51F /* Frameworks */ = {
			isa = PBXFrameworksBuildPhase;
			buildActionMask = 2147483647;
			files = (
			);
			runOnlyForDeploymentPostprocessing = 0;
		};
		2347CDBF229F365A0097F51F /* Frameworks */ = {
			isa = PBXFrameworksBuildPhase;
			buildActionMask = 2147483647;
			files = (
			);
			runOnlyForDeploymentPostprocessing = 0;
		};
/* End PBXFrameworksBuildPhase section */

/* Begin PBXGroup section */
		2347CD9A229F36590097F51F = {
			isa = PBXGroup;
			children = (
				2347CDA5229F36590097F51F /* SixtCarFinderTest */,
				2347CDBA229F365A0097F51F /* SixtCarFinderTestTests */,
				2347CDC5229F365A0097F51F /* SixtCarFinderTestUITests */,
				2347CDA4229F36590097F51F /* Products */,
			);
			sourceTree = "<group>";
		};
		2347CDA4229F36590097F51F /* Products */ = {
			isa = PBXGroup;
			children = (
				2347CDA3229F36590097F51F /* SixtCarFinderTest.app */,
				2347CDB7229F365A0097F51F /* SixtCarFinderTestTests.xctest */,
				2347CDC2229F365A0097F51F /* SixtCarFinderTestUITests.xctest */,
			);
			name = Products;
			sourceTree = "<group>";
		};
		2347CDA5229F36590097F51F /* SixtCarFinderTest */ = {
			isa = PBXGroup;
			children = (
				2347CDD5229F366B0097F51F /* Application */,
				2347CDD7229F36820097F51F /* Model */,
				2347CDD4229F36650097F51F /* View */,
				2347CDD6229F36760097F51F /* Controller */,
				2347CDDA229F36BA0097F51F /* Utils */,
				2347CDB2229F365A0097F51F /* Info.plist */,
			);
			path = SixtCarFinderTest;
			sourceTree = "<group>";
		};
		2347CDBA229F365A0097F51F /* SixtCarFinderTestTests */ = {
			isa = PBXGroup;
			children = (
				2347CDBB229F365A0097F51F /* SixtCarFinderTestTests.swift */,
				2347CDBD229F365A0097F51F /* Info.plist */,
			);
			path = SixtCarFinderTestTests;
			sourceTree = "<group>";
		};
		2347CDC5229F365A0097F51F /* SixtCarFinderTestUITests */ = {
			isa = PBXGroup;
			children = (
				2347CDC6229F365A0097F51F /* SixtCarFinderTestUITests.swift */,
				2347CDC8229F365A0097F51F /* Info.plist */,
			);
			path = SixtCarFinderTestUITests;
			sourceTree = "<group>";
		};
		2347CDD4229F36650097F51F /* View */ = {
			isa = PBXGroup;
			children = (
				2347CDAA229F36590097F51F /* Main.storyboard */,
				2347CDAF229F365A0097F51F /* LaunchScreen.storyboard */,
			);
			path = View;
			sourceTree = "<group>";
		};
		2347CDD5229F366B0097F51F /* Application */ = {
			isa = PBXGroup;
			children = (
				2347CDAD229F365A0097F51F /* Assets.xcassets */,
				2347CDA6229F36590097F51F /* AppDelegate.swift */,
			);
			path = Application;
			sourceTree = "<group>";
		};
		2347CDD6229F36760097F51F /* Controller */ = {
			isa = PBXGroup;
			children = (
				2347CDA8229F36590097F51F /* ViewController.swift */,
			);
			name = Controller;
			sourceTree = "<group>";
		};
		2347CDD7229F36820097F51F /* Model */ = {
			isa = PBXGroup;
			children = (
				2347CDD9229F36A00097F51F /* Models */,
				2347CDD8229F36970097F51F /* Networking */,
			);
			path = Model;
			sourceTree = "<group>";
		};
		2347CDD8229F36970097F51F /* Networking */ = {
			isa = PBXGroup;
			children = (
			);
			path = Networking;
			sourceTree = "<group>";
		};
		2347CDD9229F36A00097F51F /* Models */ = {
			isa = PBXGroup;
			children = (
			);
			path = Models;
			sourceTree = "<group>";
		};
		2347CDDA229F36BA0097F51F /* Utils */ = {
			isa = PBXGroup;
			children = (
			);
			path = Utils;
			sourceTree = "<group>";
		};
/* End PBXGroup section */

/* Begin PBXNativeTarget section */
		2347CDA2229F36590097F51F /* SixtCarFinderTest */ = {
			isa = PBXNativeTarget;
			buildConfigurationList = 2347CDCB229F365A0097F51F /* Build configuration list for PBXNativeTarget "SixtCarFinderTest" */;
			buildPhases = (
				2347CD9F229F36590097F51F /* Sources */,
				2347CDA0229F36590097F51F /* Frameworks */,
				2347CDA1229F36590097F51F /* Resources */,
			);
			buildRules = (
			);
			dependencies = (
			);
			name = SixtCarFinderTest;
			productName = SixtCarFinderTest;
			productReference = 2347CDA3229F36590097F51F /* SixtCarFinderTest.app */;
			productType = "com.apple.product-type.application";
		};
		2347CDB6229F365A0097F51F /* SixtCarFinderTestTests */ = {
			isa = PBXNativeTarget;
			buildConfigurationList = 2347CDCE229F365A0097F51F /* Build configuration list for PBXNativeTarget "SixtCarFinderTestTests" */;
			buildPhases = (
				2347CDB3229F365A0097F51F /* Sources */,
				2347CDB4229F365A0097F51F /* Frameworks */,
				2347CDB5229F365A0097F51F /* Resources */,
			);
			buildRules = (
			);
			dependencies = (
				2347CDB9229F365A0097F51F /* PBXTargetDependency */,
			);
			name = SixtCarFinderTestTests;
			productName = SixtCarFinderTestTests;
			productReference = 2347CDB7229F365A0097F51F /* SixtCarFinderTestTests.xctest */;
			productType = "com.apple.product-type.bundle.unit-test";
		};
		2347CDC1229F365A0097F51F /* SixtCarFinderTestUITests */ = {
			isa = PBXNativeTarget;
			buildConfigurationList = 2347CDD1229F365A0097F51F /* Build configuration list for PBXNativeTarget "SixtCarFinderTestUITests" */;
			buildPhases = (
				2347CDBE229F365A0097F51F /* Sources */,
				2347CDBF229F365A0097F51F /* Frameworks */,
				2347CDC0229F365A0097F51F /* Resources */,
			);
			buildRules = (
			);
			dependencies = (
				2347CDC4229F365A0097F51F /* PBXTargetDependency */,
			);
			name = SixtCarFinderTestUITests;
			productName = SixtCarFinderTestUITests;
			productReference = 2347CDC2229F365A0097F51F /* SixtCarFinderTestUITests.xctest */;
			productType = "com.apple.product-type.bundle.ui-testing";
		};
/* End PBXNativeTarget section */

/* Begin PBXProject section */
		2347CD9B229F36590097F51F /* Project object */ = {
			isa = PBXProject;
			attributes = {
				LastSwiftUpdateCheck = 1020;
				LastUpgradeCheck = 1020;
				ORGANIZATIONNAME = CA;
				TargetAttributes = {
					2347CDA2229F36590097F51F = {
						CreatedOnToolsVersion = 10.2.1;
					};
					2347CDB6229F365A0097F51F = {
						CreatedOnToolsVersion = 10.2.1;
						TestTargetID = 2347CDA2229F36590097F51F;
					};
					2347CDC1229F365A0097F51F = {
						CreatedOnToolsVersion = 10.2.1;
						TestTargetID = 2347CDA2229F36590097F51F;
					};
				};
			};
			buildConfigurationList = 2347CD9E229F36590097F51F /* Build configuration list for PBXProject "SixtCarFinderTest" */;
			compatibilityVersion = "Xcode 9.3";
			developmentRegion = en;
			hasScannedForEncodings = 0;
			knownRegions = (
				en,
				Base,
			);
			mainGroup = 2347CD9A229F36590097F51F;
			productRefGroup = 2347CDA4229F36590097F51F /* Products */;
			projectDirPath = "";
			projectRoot = "";
			targets = (
				2347CDA2229F36590097F51F /* SixtCarFinderTest */,
				2347CDB6229F365A0097F51F /* SixtCarFinderTestTests */,
				2347CDC1229F365A0097F51F /* SixtCarFinderTestUITests */,
			);
		};
/* End PBXProject section */

/* Begin PBXResourcesBuildPhase section */
		2347CDA1229F36590097F51F /* Resources */ = {
			isa = PBXResourcesBuildPhase;
			buildActionMask = 2147483647;
			files = (
				2347CDB1229F365A0097F51F /* LaunchScreen.storyboard in Resources */,
				2347CDAE229F365A0097F51F /* Assets.xcassets in Resources */,
				2347CDAC229F36590097F51F /* Main.storyboard in Resources */,
			);
			runOnlyForDeploymentPostprocessing = 0;
		};
		2347CDB5229F365A0097F51F /* Resources */ = {
			isa = PBXResourcesBuildPhase;
			buildActionMask = 2147483647;
			files = (
			);
			runOnlyForDeploymentPostprocessing = 0;
		};
		2347CDC0229F365A0097F51F /* Resources */ = {
			isa = PBXResourcesBuildPhase;
			buildActionMask = 2147483647;
			files = (
			);
			runOnlyForDeploymentPostprocessing = 0;
		};
/* End PBXResourcesBuildPhase section */

/* Begin PBXSourcesBuildPhase section */
		2347CD9F229F36590097F51F /* Sources */ = {
			isa = PBXSourcesBuildPhase;
			buildActionMask = 2147483647;
			files = (
				2347CDA9229F36590097F51F /* ViewController.swift in Sources */,
				2347CDA7229F36590097F51F /* AppDelegate.swift in Sources */,
			);
			runOnlyForDeploymentPostprocessing = 0;
		};
		2347CDB3229F365A0097F51F /* Sources */ = {
			isa = PBXSourcesBuildPhase;
			buildActionMask = 2147483647;
			files = (
				2347CDBC229F365A0097F51F /* SixtCarFinderTestTests.swift in Sources */,
			);
			runOnlyForDeploymentPostprocessing = 0;
		};
		2347CDBE229F365A0097F51F /* Sources */ = {
			isa = PBXSourcesBuildPhase;
			buildActionMask = 2147483647;
			files = (
				2347CDC7229F365A0097F51F /* SixtCarFinderTestUITests.swift in Sources */,
			);
			runOnlyForDeploymentPostprocessing = 0;
		};
/* End PBXSourcesBuildPhase section */

/* Begin PBXTargetDependency section */
		2347CDB9229F365A0097F51F /* PBXTargetDependency */ = {
			isa = PBXTargetDependency;
			target = 2347CDA2229F36590097F51F /* SixtCarFinderTest */;
			targetProxy = 2347CDB8229F365A0097F51F /* PBXContainerItemProxy */;
		};
		2347CDC4229F365A0097F51F /* PBXTargetDependency */ = {
			isa = PBXTargetDependency;
			target = 2347CDA2229F36590097F51F /* SixtCarFinderTest */;
			targetProxy = 2347CDC3229F365A0097F51F /* PBXContainerItemProxy */;
		};
/* End PBXTargetDependency section */

/* Begin PBXVariantGroup section */
		2347CDAA229F36590097F51F /* Main.storyboard */ = {
			isa = PBXVariantGroup;
			children = (
				2347CDAB229F36590097F51F /* Base */,
			);
			name = Main.storyboard;
			sourceTree = "<group>";
		};
		2347CDAF229F365A0097F51F /* LaunchScreen.storyboard */ = {
			isa = PBXVariantGroup;
			children = (
				2347CDB0229F365A0097F51F /* Base */,
			);
			name = LaunchScreen.storyboard;
			sourceTree = "<group>";
		};
/* End PBXVariantGroup section */

/* Begin XCBuildConfiguration section */
		2347CDC9229F365A0097F51F /* Debug */ = {
			isa = XCBuildConfiguration;
			buildSettings = {
				ALWAYS_SEARCH_USER_PATHS = NO;
				CLANG_ANALYZER_NONNULL = YES;
				CLANG_ANALYZER_NUMBER_OBJECT_CONVERSION = YES_AGGRESSIVE;
				CLANG_CXX_LANGUAGE_STANDARD = "gnu++14";
				CLANG_CXX_LIBRARY = "libc++";
				CLANG_ENABLE_MODULES = YES;
				CLANG_ENABLE_OBJC_ARC = YES;
				CLANG_ENABLE_OBJC_WEAK = YES;
				CLANG_WARN_BLOCK_CAPTURE_AUTORELEASING = YES;
				CLANG_WARN_BOOL_CONVERSION = YES;
				CLANG_WARN_COMMA = YES;
				CLANG_WARN_CONSTANT_CONVERSION = YES;
				CLANG_WARN_DEPRECATED_OBJC_IMPLEMENTATIONS = YES;
				CLANG_WARN_DIRECT_OBJC_ISA_USAGE = YES_ERROR;
				CLANG_WARN_DOCUMENTATION_COMMENTS = YES;
				CLANG_WARN_EMPTY_BODY = YES;
				CLANG_WARN_ENUM_CONVERSION = YES;
				CLANG_WARN_INFINITE_RECURSION = YES;
				CLANG_WARN_INT_CONVERSION = YES;
				CLANG_WARN_NON_LITERAL_NULL_CONVERSION = YES;
				CLANG_WARN_OBJC_IMPLICIT_RETAIN_SELF = YES;
				CLANG_WARN_OBJC_LITERAL_CONVERSION = YES;
				CLANG_WARN_OBJC_ROOT_CLASS = YES_ERROR;
				CLANG_WARN_RANGE_LOOP_ANALYSIS = YES;
				CLANG_WARN_STRICT_PROTOTYPES = YES;
				CLANG_WARN_SUSPICIOUS_MOVE = YES;
				CLANG_WARN_UNGUARDED_AVAILABILITY = YES_AGGRESSIVE;
				CLANG_WARN_UNREACHABLE_CODE = YES;
				CLANG_WARN__DUPLICATE_METHOD_MATCH = YES;
				CODE_SIGN_IDENTITY = "iPhone Developer";
				COPY_PHASE_STRIP = NO;
				DEBUG_INFORMATION_FORMAT = dwarf;
				ENABLE_STRICT_OBJC_MSGSEND = YES;
				ENABLE_TESTABILITY = YES;
				GCC_C_LANGUAGE_STANDARD = gnu11;
				GCC_DYNAMIC_NO_PIC = NO;
				GCC_NO_COMMON_BLOCKS = YES;
				GCC_OPTIMIZATION_LEVEL = 0;
				GCC_PREPROCESSOR_DEFINITIONS = (
					"DEBUG=1",
					"$(inherited)",
				);
				GCC_WARN_64_TO_32_BIT_CONVERSION = YES;
				GCC_WARN_ABOUT_RETURN_TYPE = YES_ERROR;
				GCC_WARN_UNDECLARED_SELECTOR = YES;
				GCC_WARN_UNINITIALIZED_AUTOS = YES_AGGRESSIVE;
				GCC_WARN_UNUSED_FUNCTION = YES;
				GCC_WARN_UNUSED_VARIABLE = YES;
				IPHONEOS_DEPLOYMENT_TARGET = 12.2;
				MTL_ENABLE_DEBUG_INFO = INCLUDE_SOURCE;
				MTL_FAST_MATH = YES;
				ONLY_ACTIVE_ARCH = YES;
				SDKROOT = iphoneos;
				SWIFT_ACTIVE_COMPILATION_CONDITIONS = DEBUG;
				SWIFT_OPTIMIZATION_LEVEL = "-Onone";
			};
			name = Debug;
		};
		2347CDCA229F365A0097F51F /* Release */ = {
			isa = XCBuildConfiguration;
			buildSettings = {
				ALWAYS_SEARCH_USER_PATHS = NO;
				CLANG_ANALYZER_NONNULL = YES;
				CLANG_ANALYZER_NUMBER_OBJECT_CONVERSION = YES_AGGRESSIVE;
				CLANG_CXX_LANGUAGE_STANDARD = "gnu++14";
				CLANG_CXX_LIBRARY = "libc++";
				CLANG_ENABLE_MODULES = YES;
				CLANG_ENABLE_OBJC_ARC = YES;
				CLANG_ENABLE_OBJC_WEAK = YES;
				CLANG_WARN_BLOCK_CAPTURE_AUTORELEASING = YES;
				CLANG_WARN_BOOL_CONVERSION = YES;
				CLANG_WARN_COMMA = YES;
				CLANG_WARN_CONSTANT_CONVERSION = YES;
				CLANG_WARN_DEPRECATED_OBJC_IMPLEMENTATIONS = YES;
				CLANG_WARN_DIRECT_OBJC_ISA_USAGE = YES_ERROR;
				CLANG_WARN_DOCUMENTATION_COMMENTS = YES;
				CLANG_WARN_EMPTY_BODY = YES;
				CLANG_WARN_ENUM_CONVERSION = YES;
				CLANG_WARN_INFINITE_RECURSION = YES;
				CLANG_WARN_INT_CONVERSION = YES;
				CLANG_WARN_NON_LITERAL_NULL_CONVERSION = YES;
				CLANG_WARN_OBJC_IMPLICIT_RETAIN_SELF = YES;
				CLANG_WARN_OBJC_LITERAL_CONVERSION = YES;
				CLANG_WARN_OBJC_ROOT_CLASS = YES_ERROR;
				CLANG_WARN_RANGE_LOOP_ANALYSIS = YES;
				CLANG_WARN_STRICT_PROTOTYPES = YES;
				CLANG_WARN_SUSPICIOUS_MOVE = YES;
				CLANG_WARN_UNGUARDED_AVAILABILITY = YES_AGGRESSIVE;
				CLANG_WARN_UNREACHABLE_CODE = YES;
				CLANG_WARN__DUPLICATE_METHOD_MATCH = YES;
				CODE_SIGN_IDENTITY = "iPhone Developer";
				COPY_PHASE_STRIP = NO;
				DEBUG_INFORMATION_FORMAT = "dwarf-with-dsym";
				ENABLE_NS_ASSERTIONS = NO;
				ENABLE_STRICT_OBJC_MSGSEND = YES;
				GCC_C_LANGUAGE_STANDARD = gnu11;
				GCC_NO_COMMON_BLOCKS = YES;
				GCC_WARN_64_TO_32_BIT_CONVERSION = YES;
				GCC_WARN_ABOUT_RETURN_TYPE = YES_ERROR;
				GCC_WARN_UNDECLARED_SELECTOR = YES;
				GCC_WARN_UNINITIALIZED_AUTOS = YES_AGGRESSIVE;
				GCC_WARN_UNUSED_FUNCTION = YES;
				GCC_WARN_UNUSED_VARIABLE = YES;
				IPHONEOS_DEPLOYMENT_TARGET = 12.2;
				MTL_ENABLE_DEBUG_INFO = NO;
				MTL_FAST_MATH = YES;
				SDKROOT = iphoneos;
				SWIFT_COMPILATION_MODE = wholemodule;
				SWIFT_OPTIMIZATION_LEVEL = "-O";
				VALIDATE_PRODUCT = YES;
			};
			name = Release;
		};
		2347CDCC229F365A0097F51F /* Debug */ = {
			isa = XCBuildConfiguration;
			buildSettings = {
				ASSETCATALOG_COMPILER_APPICON_NAME = AppIcon;
				CODE_SIGN_STYLE = Automatic;
				INFOPLIST_FILE = SixtCarFinderTest/Info.plist;
				LD_RUNPATH_SEARCH_PATHS = (
					"$(inherited)",
					"@executable_path/Frameworks",
				);
				PRODUCT_BUNDLE_IDENTIFIER = com.CA.SixtCarFinderTest;
				PRODUCT_NAME = "$(TARGET_NAME)";
				SWIFT_VERSION = 5.0;
				TARGETED_DEVICE_FAMILY = "1,2";
			};
			name = Debug;
		};
		2347CDCD229F365A0097F51F /* Release */ = {
			isa = XCBuildConfiguration;
			buildSettings = {
				ASSETCATALOG_COMPILER_APPICON_NAME = AppIcon;
				CODE_SIGN_STYLE = Automatic;
				INFOPLIST_FILE = SixtCarFinderTest/Info.plist;
				LD_RUNPATH_SEARCH_PATHS = (
					"$(inherited)",
					"@executable_path/Frameworks",
				);
				PRODUCT_BUNDLE_IDENTIFIER = com.CA.SixtCarFinderTest;
				PRODUCT_NAME = "$(TARGET_NAME)";
				SWIFT_VERSION = 5.0;
				TARGETED_DEVICE_FAMILY = "1,2";
			};
			name = Release;
		};
		2347CDCF229F365A0097F51F /* Debug */ = {
			isa = XCBuildConfiguration;
			buildSettings = {
				ALWAYS_EMBED_SWIFT_STANDARD_LIBRARIES = YES;
				BUNDLE_LOADER = "$(TEST_HOST)";
				CODE_SIGN_STYLE = Automatic;
				INFOPLIST_FILE = SixtCarFinderTestTests/Info.plist;
				LD_RUNPATH_SEARCH_PATHS = (
					"$(inherited)",
					"@executable_path/Frameworks",
					"@loader_path/Frameworks",
				);
				PRODUCT_BUNDLE_IDENTIFIER = com.CA.SixtCarFinderTestTests;
				PRODUCT_NAME = "$(TARGET_NAME)";
				SWIFT_VERSION = 5.0;
				TARGETED_DEVICE_FAMILY = "1,2";
				TEST_HOST = "$(BUILT_PRODUCTS_DIR)/SixtCarFinderTest.app/SixtCarFinderTest";
			};
			name = Debug;
		};
		2347CDD0229F365A0097F51F /* Release */ = {
			isa = XCBuildConfiguration;
			buildSettings = {
				ALWAYS_EMBED_SWIFT_STANDARD_LIBRARIES = YES;
				BUNDLE_LOADER = "$(TEST_HOST)";
				CODE_SIGN_STYLE = Automatic;
				INFOPLIST_FILE = SixtCarFinderTestTests/Info.plist;
				LD_RUNPATH_SEARCH_PATHS = (
					"$(inherited)",
					"@executable_path/Frameworks",
					"@loader_path/Frameworks",
				);
				PRODUCT_BUNDLE_IDENTIFIER = com.CA.SixtCarFinderTestTests;
				PRODUCT_NAME = "$(TARGET_NAME)";
				SWIFT_VERSION = 5.0;
				TARGETED_DEVICE_FAMILY = "1,2";
				TEST_HOST = "$(BUILT_PRODUCTS_DIR)/SixtCarFinderTest.app/SixtCarFinderTest";
			};
			name = Release;
		};
		2347CDD2229F365A0097F51F /* Debug */ = {
			isa = XCBuildConfiguration;
			buildSettings = {
				ALWAYS_EMBED_SWIFT_STANDARD_LIBRARIES = YES;
				CODE_SIGN_STYLE = Automatic;
				INFOPLIST_FILE = SixtCarFinderTestUITests/Info.plist;
				LD_RUNPATH_SEARCH_PATHS = (
					"$(inherited)",
					"@executable_path/Frameworks",
					"@loader_path/Frameworks",
				);
				PRODUCT_BUNDLE_IDENTIFIER = com.CA.SixtCarFinderTestUITests;
				PRODUCT_NAME = "$(TARGET_NAME)";
				SWIFT_VERSION = 5.0;
				TARGETED_DEVICE_FAMILY = "1,2";
				TEST_TARGET_NAME = SixtCarFinderTest;
			};
			name = Debug;
		};
		2347CDD3229F365A0097F51F /* Release */ = {
			isa = XCBuildConfiguration;
			buildSettings = {
				ALWAYS_EMBED_SWIFT_STANDARD_LIBRARIES = YES;
				CODE_SIGN_STYLE = Automatic;
				INFOPLIST_FILE = SixtCarFinderTestUITests/Info.plist;
				LD_RUNPATH_SEARCH_PATHS = (
					"$(inherited)",
					"@executable_path/Frameworks",
					"@loader_path/Frameworks",
				);
				PRODUCT_BUNDLE_IDENTIFIER = com.CA.SixtCarFinderTestUITests;
				PRODUCT_NAME = "$(TARGET_NAME)";
				SWIFT_VERSION = 5.0;
				TARGETED_DEVICE_FAMILY = "1,2";
				TEST_TARGET_NAME = SixtCarFinderTest;
			};
			name = Release;
		};
/* End XCBuildConfiguration section */

/* Begin XCConfigurationList section */
		2347CD9E229F36590097F51F /* Build configuration list for PBXProject "SixtCarFinderTest" */ = {
			isa = XCConfigurationList;
			buildConfigurations = (
				2347CDC9229F365A0097F51F /* Debug */,
				2347CDCA229F365A0097F51F /* Release */,
			);
			defaultConfigurationIsVisible = 0;
			defaultConfigurationName = Release;
		};
		2347CDCB229F365A0097F51F /* Build configuration list for PBXNativeTarget "SixtCarFinderTest" */ = {
			isa = XCConfigurationList;
			buildConfigurations = (
				2347CDCC229F365A0097F51F /* Debug */,
				2347CDCD229F365A0097F51F /* Release */,
			);
			defaultConfigurationIsVisible = 0;
			defaultConfigurationName = Release;
		};
		2347CDCE229F365A0097F51F /* Build configuration list for PBXNativeTarget "SixtCarFinderTestTests" */ = {
			isa = XCConfigurationList;
			buildConfigurations = (
				2347CDCF229F365A0097F51F /* Debug */,
				2347CDD0229F365A0097F51F /* Release */,
			);
			defaultConfigurationIsVisible = 0;
			defaultConfigurationName = Release;
		};
		2347CDD1229F365A0097F51F /* Build configuration list for PBXNativeTarget "SixtCarFinderTestUITests" */ = {
			isa = XCConfigurationList;
			buildConfigurations = (
				2347CDD2229F365A0097F51F /* Debug */,
				2347CDD3229F365A0097F51F /* Release */,
			);
			defaultConfigurationIsVisible = 0;
			defaultConfigurationName = Release;
		};
/* End XCConfigurationList section */
	};
	rootObject = 2347CD9B229F36590097F51F /* Project object */;
}
